
Microsoft Visual Studio Solution File, Format Version 12.00
# Visual Studio Version 16
VisualStudioVersion = 16.0.30711.63
MinimumVisualStudioVersion = 10.0.40219.1
Project("{FAE04EC0-301F-11D3-BF4B-00C04F79EFBC}") = "DieTopSource", "Teste\DieTopSource.csproj", "{BA549639-1CB2-48C0-8841-1648A5F427C7}"
EndProject
Global
	GlobalSection(SolutionConfigurationPlatforms) = preSolution
		Debug|Any CPU = Debug|Any CPU
		Release|Any CPU = Release|Any CPU
	EndGlobalSection
	GlobalSection(ProjectConfigurationPlatforms) = postSolution
		{BA549639-1CB2-48C0-8841-1648A5F427C7}.Debug|Any CPU.ActiveCfg = Debug|Any CPU
		{BA549639-1CB2-48C0-8841-1648A5F427C7}.Debug|Any CPU.Build.0 = Debug|Any CPU
		{BA549639-1CB2-48C0-8841-1648A5F427C7}.Release|Any CPU.ActiveCfg = Release|Any CPU
		{BA549639-1CB2-48C0-8841-1648A5F427C7}.Release|Any CPU.Build.0 = Release|Any CPU
	EndGlobalSection
	GlobalSection(SolutionProperties) = preSolution
		HideSolutionNode = FALSE
	EndGlobalSection
	GlobalSection(ExtensibilityGlobals) = postSolution
		SolutionGuid = {5F854317-587B-4449-992B-2204D2784DB9}
	EndGlobalSection
EndGlobal
